
Microsoft Visual Studio Solution File, Format Version 12.00
# Visual Studio Version 16
VisualStudioVersion = 16.0.31424.327
MinimumVisualStudioVersion = 10.0.40219.1
Project("{FAE04EC0-301F-11D3-BF4B-00C04F79EFBC}") = "PetStore", "PetStore\PetStore.csproj", "{38AA51AE-F420-48D3-A5CF-FEC970A5C68D}"
EndProject
Global
	GlobalSection(SolutionConfigurationPlatforms) = preSolution
		Debug|Any CPU = Debug|Any CPU
		Release|Any CPU = Release|Any CPU
	EndGlobalSection
	GlobalSection(ProjectConfigurationPlatforms) = postSolution
		{38AA51AE-F420-48D3-A5CF-FEC970A5C68D}.Debug|Any CPU.ActiveCfg = Debug|Any CPU
		{38AA51AE-F420-48D3-A5CF-FEC970A5C68D}.Debug|Any CPU.Build.0 = Debug|Any CPU
		{38AA51AE-F420-48D3-A5CF-FEC970A5C68D}.Release|Any CPU.ActiveCfg = Release|Any CPU
		{38AA51AE-F420-48D3-A5CF-FEC970A5C68D}.Release|Any CPU.Build.0 = Release|Any CPU
	EndGlobalSection
	GlobalSection(SolutionProperties) = preSolution
		HideSolutionNode = FALSE
	EndGlobalSection
	GlobalSection(ExtensibilityGlobals) = postSolution
		SolutionGuid = {F494B20C-5C62-4DBE-80B7-0E9E1133D401}
	EndGlobalSection
EndGlobal
